
Microsoft Visual Studio Solution File, Format Version 12.00
# Visual Studio Version 16
VisualStudioVersion = 16.0.30907.101
MinimumVisualStudioVersion = 10.0.40219.1
Project("{FAE04EC0-301F-11D3-BF4B-00C04F79EFBC}") = "Demo1", "Demo1\Demo1.csproj", "{B85C55AB-E34A-48F9-9AF5-ECB9A126364C}"
EndProject
Project("{FAE04EC0-301F-11D3-BF4B-00C04F79EFBC}") = "DemoBatch.Webapi", "DemoBatch.Webapi\DemoBatch.Webapi.csproj", "{39F96B3F-BF2C-4A49-A087-DAC6DD50722F}"
EndProject
Global
	GlobalSection(SolutionConfigurationPlatforms) = preSolution
		Debug|Any CPU = Debug|Any CPU
		Release|Any CPU = Release|Any CPU
	EndGlobalSection
	GlobalSection(ProjectConfigurationPlatforms) = postSolution
		{B85C55AB-E34A-48F9-9AF5-ECB9A126364C}.Debug|Any CPU.ActiveCfg = Debug|Any CPU
		{B85C55AB-E34A-48F9-9AF5-ECB9A126364C}.Debug|Any CPU.Build.0 = Debug|Any CPU
		{B85C55AB-E34A-48F9-9AF5-ECB9A126364C}.Release|Any CPU.ActiveCfg = Release|Any CPU
		{B85C55AB-E34A-48F9-9AF5-ECB9A126364C}.Release|Any CPU.Build.0 = Release|Any CPU
		{39F96B3F-BF2C-4A49-A087-DAC6DD50722F}.Debug|Any CPU.ActiveCfg = Debug|Any CPU
		{39F96B3F-BF2C-4A49-A087-DAC6DD50722F}.Debug|Any CPU.Build.0 = Debug|Any CPU
		{39F96B3F-BF2C-4A49-A087-DAC6DD50722F}.Release|Any CPU.ActiveCfg = Release|Any CPU
		{39F96B3F-BF2C-4A49-A087-DAC6DD50722F}.Release|Any CPU.Build.0 = Release|Any CPU
	EndGlobalSection
	GlobalSection(SolutionProperties) = preSolution
		HideSolutionNode = FALSE
	EndGlobalSection
	GlobalSection(ExtensibilityGlobals) = postSolution
		SolutionGuid = {D0DA1D30-81B4-42FD-B4B0-C56ED0524D63}
	EndGlobalSection
EndGlobal
